
Microsoft Visual Studio Solution File, Format Version 12.00
# Visual Studio Version 17
VisualStudioVersion = 17.12.35707.178 d17.12
MinimumVisualStudioVersion = 10.0.40219.1
Project("{FAE04EC0-301F-11D3-BF4B-00C04F79EFBC}") = "DevHabitApi", "DevHabitApi\DevHabitApi.csproj", "{E6C79475-029C-4122-8883-0F3767C10D64}"
EndProject
Project("{2150E333-8FDC-42A3-9474-1A3956D46DE8}") = "src", "src", "{5F5BE8DF-DF3F-4EAF-919F-84E7093618B0}"
EndProject
Project("{2150E333-8FDC-42A3-9474-1A3956D46DE8}") = "Solution Items", "Solution Items", "{7CB76C34-2761-479E-A1B9-FFD71F89C6D0}"
	ProjectSection(SolutionItems) = preProject
		.editorconfig = .editorconfig
		Directory.Build.props = Directory.Build.props
		Directory.Packages.props = Directory.Packages.props
	EndProjectSection
EndProject
Project("{E53339B2-1760-4266-BCC7-CA923CBCF16C}") = "docker-compose", "docker-compose.dcproj", "{14CF6365-C437-4906-963C-E13378900522}"
EndProject
Global
	GlobalSection(SolutionConfigurationPlatforms) = preSolution
		Debug|Any CPU = Debug|Any CPU
		Release|Any CPU = Release|Any CPU
	EndGlobalSection
	GlobalSection(ProjectConfigurationPlatforms) = postSolution
		{E6C79475-029C-4122-8883-0F3767C10D64}.Debug|Any CPU.ActiveCfg = Debug|Any CPU
		{E6C79475-029C-4122-8883-0F3767C10D64}.Debug|Any CPU.Build.0 = Debug|Any CPU
		{E6C79475-029C-4122-8883-0F3767C10D64}.Release|Any CPU.ActiveCfg = Release|Any CPU
		{E6C79475-029C-4122-8883-0F3767C10D64}.Release|Any CPU.Build.0 = Release|Any CPU
		{14CF6365-C437-4906-963C-E13378900522}.Debug|Any CPU.ActiveCfg = Debug|Any CPU
		{14CF6365-C437-4906-963C-E13378900522}.Debug|Any CPU.Build.0 = Debug|Any CPU
		{14CF6365-C437-4906-963C-E13378900522}.Release|Any CPU.ActiveCfg = Release|Any CPU
		{14CF6365-C437-4906-963C-E13378900522}.Release|Any CPU.Build.0 = Release|Any CPU
	EndGlobalSection
	GlobalSection(SolutionProperties) = preSolution
		HideSolutionNode = FALSE
	EndGlobalSection
	GlobalSection(NestedProjects) = preSolution
		{E6C79475-029C-4122-8883-0F3767C10D64} = {5F5BE8DF-DF3F-4EAF-919F-84E7093618B0}
	EndGlobalSection
EndGlobal
